// !$*UTF8*$!
{
	archiveVersion = 1;
	classes = {
	};
	objectVersion = 45;
	objects = {

/* Begin PBXAggregateTarget section */
		24416B8111C4CA220047AFDD /* Build & Test */ = {
			isa = PBXAggregateTarget;
			buildConfigurationList = 24416B8A11C4CA520047AFDD /* Build configuration list for PBXAggregateTarget "Build & Test" */;
			buildPhases = (
				24416B8011C4CA220047AFDD /* ShellScript */,
			);
			dependencies = (
				24416B8511C4CA280047AFDD /* PBXTargetDependency */,
			);
			name = "Build & Test";
			productName = "Build & test";
		};
/* End PBXAggregateTarget section */

/* Begin PBXBuildFile section */
		24DD6CF91134B3F500162E58 /* ComObscureTiactionsheetpickerModule.h in Headers */ = {isa = PBXBuildFile; fileRef = 24DD6CF71134B3F500162E58 /* ComObscureTiactionsheetpickerModule.h */; };
		24DD6CFA1134B3F500162E58 /* ComObscureTiactionsheetpickerModule.m in Sources */ = {isa = PBXBuildFile; fileRef = 24DD6CF81134B3F500162E58 /* ComObscureTiactionsheetpickerModule.m */; };
		AA747D9F0F9514B9006C5449 /* ComObscureTiactionsheetpicker_Prefix.pch in Headers */ = {isa = PBXBuildFile; fileRef = AA747D9E0F9514B9006C5449 /* ComObscureTiactionsheetpicker_Prefix.pch */; };
		AACBBE4A0F95108600F1A2B1 /* Foundation.framework in Frameworks */ = {isa = PBXBuildFile; fileRef = AACBBE490F95108600F1A2B1 /* Foundation.framework */; };
		DA4876491706599300E21C0A /* ComObscureTiactionsheetpickerStringPickerSheetProxy.h in Headers */ = {isa = PBXBuildFile; fileRef = DA4876471706599300E21C0A /* ComObscureTiactionsheetpickerStringPickerSheetProxy.h */; };
		DA48764A1706599300E21C0A /* ComObscureTiactionsheetpickerStringPickerSheetProxy.m in Sources */ = {isa = PBXBuildFile; fileRef = DA4876481706599300E21C0A /* ComObscureTiactionsheetpickerStringPickerSheetProxy.m */; };
		DA80A63117061B7F00151EE7 /* ActionSheetPicker.h in Headers */ = {isa = PBXBuildFile; fileRef = DA80A60F17061B7F00151EE7 /* ActionSheetPicker.h */; };
		DA80A63217061B7F00151EE7 /* AbstractActionSheetPicker.h in Headers */ = {isa = PBXBuildFile; fileRef = DA80A61317061B7F00151EE7 /* AbstractActionSheetPicker.h */; };
		DA80A63317061B7F00151EE7 /* AbstractActionSheetPicker.m in Sources */ = {isa = PBXBuildFile; fileRef = DA80A61417061B7F00151EE7 /* AbstractActionSheetPicker.m */; };
		DA80A63417061B7F00151EE7 /* ActionSheetDatePicker.h in Headers */ = {isa = PBXBuildFile; fileRef = DA80A61517061B7F00151EE7 /* ActionSheetDatePicker.h */; };
		DA80A63517061B7F00151EE7 /* ActionSheetDatePicker.m in Sources */ = {isa = PBXBuildFile; fileRef = DA80A61617061B7F00151EE7 /* ActionSheetDatePicker.m */; };
		DA80A63617061B7F00151EE7 /* ActionSheetDistancePicker.h in Headers */ = {isa = PBXBuildFile; fileRef = DA80A61717061B7F00151EE7 /* ActionSheetDistancePicker.h */; };
		DA80A63717061B7F00151EE7 /* ActionSheetDistancePicker.m in Sources */ = {isa = PBXBuildFile; fileRef = DA80A61817061B7F00151EE7 /* ActionSheetDistancePicker.m */; };
		DA80A63817061B7F00151EE7 /* ActionSheetStringPicker.h in Headers */ = {isa = PBXBuildFile; fileRef = DA80A61917061B7F00151EE7 /* ActionSheetStringPicker.h */; };
		DA80A63917061B7F00151EE7 /* ActionSheetStringPicker.m in Sources */ = {isa = PBXBuildFile; fileRef = DA80A61A17061B7F00151EE7 /* ActionSheetStringPicker.m */; };
		DA80A63A17061B7F00151EE7 /* DistancePickerView.h in Headers */ = {isa = PBXBuildFile; fileRef = DA80A61B17061B7F00151EE7 /* DistancePickerView.h */; };
		DA80A63B17061B7F00151EE7 /* DistancePickerView.m in Sources */ = {isa = PBXBuildFile; fileRef = DA80A61C17061B7F00151EE7 /* DistancePickerView.m */; };
		DA80A64D170627F800151EE7 /* ComObscureTiactionsheetpickerDatePickerSheetProxy.h in Headers */ = {isa = PBXBuildFile; fileRef = DA80A64B170627F800151EE7 /* ComObscureTiactionsheetpickerDatePickerSheetProxy.h */; };
		DA80A64E170627F800151EE7 /* ComObscureTiactionsheetpickerDatePickerSheetProxy.m in Sources */ = {isa = PBXBuildFile; fileRef = DA80A64C170627F800151EE7 /* ComObscureTiactionsheetpickerDatePickerSheetProxy.m */; };
/* End PBXBuildFile section */

/* Begin PBXContainerItemProxy section */
		24416B8411C4CA280047AFDD /* PBXContainerItemProxy */ = {
			isa = PBXContainerItemProxy;
			containerPortal = 0867D690FE84028FC02AAC07 /* Project object */;
			proxyType = 1;
			remoteGlobalIDString = D2AAC07D0554694100DB518D;
			remoteInfo = TiActionSheetPicker;
		};
/* End PBXContainerItemProxy section */

/* Begin PBXFileReference section */
		24DD6CF71134B3F500162E58 /* ComObscureTiactionsheetpickerModule.h */ = {isa = PBXFileReference; fileEncoding = 4; lastKnownFileType = sourcecode.c.h; name = ComObscureTiactionsheetpickerModule.h; path = Classes/ComObscureTiactionsheetpickerModule.h; sourceTree = "<group>"; };
		24DD6CF81134B3F500162E58 /* ComObscureTiactionsheetpickerModule.m */ = {isa = PBXFileReference; fileEncoding = 4; lastKnownFileType = sourcecode.c.objc; name = ComObscureTiactionsheetpickerModule.m; path = Classes/ComObscureTiactionsheetpickerModule.m; sourceTree = "<group>"; };
		24DD6D1B1134B66800162E58 /* titanium.xcconfig */ = {isa = PBXFileReference; fileEncoding = 4; lastKnownFileType = text.xcconfig; path = titanium.xcconfig; sourceTree = "<group>"; };
		AA747D9E0F9514B9006C5449 /* ComObscureTiactionsheetpicker_Prefix.pch */ = {isa = PBXFileReference; fileEncoding = 4; lastKnownFileType = sourcecode.c.h; path = ComObscureTiactionsheetpicker_Prefix.pch; sourceTree = SOURCE_ROOT; };
		AACBBE490F95108600F1A2B1 /* Foundation.framework */ = {isa = PBXFileReference; lastKnownFileType = wrapper.framework; name = Foundation.framework; path = System/Library/Frameworks/Foundation.framework; sourceTree = SDKROOT; };
		D2AAC07E0554694100DB518D /* libComObscureTiactionsheetpicker.a */ = {isa = PBXFileReference; explicitFileType = archive.ar; includeInIndex = 0; path = libComObscureTiactionsheetpicker.a; sourceTree = BUILT_PRODUCTS_DIR; };
		DA4876471706599300E21C0A /* ComObscureTiactionsheetpickerStringPickerSheetProxy.h */ = {isa = PBXFileReference; fileEncoding = 4; lastKnownFileType = sourcecode.c.h; name = ComObscureTiactionsheetpickerStringPickerSheetProxy.h; path = Classes/ComObscureTiactionsheetpickerStringPickerSheetProxy.h; sourceTree = "<group>"; };
		DA4876481706599300E21C0A /* ComObscureTiactionsheetpickerStringPickerSheetProxy.m */ = {isa = PBXFileReference; fileEncoding = 4; lastKnownFileType = sourcecode.c.objc; name = ComObscureTiactionsheetpickerStringPickerSheetProxy.m; path = Classes/ComObscureTiactionsheetpickerStringPickerSheetProxy.m; sourceTree = "<group>"; };
		DA80A60F17061B7F00151EE7 /* ActionSheetPicker.h */ = {isa = PBXFileReference; fileEncoding = 4; lastKnownFileType = sourcecode.c.h; path = ActionSheetPicker.h; sourceTree = "<group>"; };
		DA80A61017061B7F00151EE7 /* AUTHORS */ = {isa = PBXFileReference; fileEncoding = 4; lastKnownFileType = text; path = AUTHORS; sourceTree = "<group>"; };
		DA80A61117061B7F00151EE7 /* LICENSE */ = {isa = PBXFileReference; fileEncoding = 4; lastKnownFileType = text; path = LICENSE; sourceTree = "<group>"; };
		DA80A61317061B7F00151EE7 /* AbstractActionSheetPicker.h */ = {isa = PBXFileReference; fileEncoding = 4; lastKnownFileType = sourcecode.c.h; path = AbstractActionSheetPicker.h; sourceTree = "<group>"; };
		DA80A61417061B7F00151EE7 /* AbstractActionSheetPicker.m */ = {isa = PBXFileReference; fileEncoding = 4; lastKnownFileType = sourcecode.c.objc; path = AbstractActionSheetPicker.m; sourceTree = "<group>"; };
		DA80A61517061B7F00151EE7 /* ActionSheetDatePicker.h */ = {isa = PBXFileReference; fileEncoding = 4; lastKnownFileType = sourcecode.c.h; path = ActionSheetDatePicker.h; sourceTree = "<group>"; };
		DA80A61617061B7F00151EE7 /* ActionSheetDatePicker.m */ = {isa = PBXFileReference; fileEncoding = 4; lastKnownFileType = sourcecode.c.objc; path = ActionSheetDatePicker.m; sourceTree = "<group>"; };
		DA80A61717061B7F00151EE7 /* ActionSheetDistancePicker.h */ = {isa = PBXFileReference; fileEncoding = 4; lastKnownFileType = sourcecode.c.h; path = ActionSheetDistancePicker.h; sourceTree = "<group>"; };
		DA80A61817061B7F00151EE7 /* ActionSheetDistancePicker.m */ = {isa = PBXFileReference; fileEncoding = 4; lastKnownFileType = sourcecode.c.objc; path = ActionSheetDistancePicker.m; sourceTree = "<group>"; };
		DA80A61917061B7F00151EE7 /* ActionSheetStringPicker.h */ = {isa = PBXFileReference; fileEncoding = 4; lastKnownFileType = sourcecode.c.h; path = ActionSheetStringPicker.h; sourceTree = "<group>"; };
		DA80A61A17061B7F00151EE7 /* ActionSheetStringPicker.m */ = {isa = PBXFileReference; fileEncoding = 4; lastKnownFileType = sourcecode.c.objc; path = ActionSheetStringPicker.m; sourceTree = "<group>"; };
		DA80A61B17061B7F00151EE7 /* DistancePickerView.h */ = {isa = PBXFileReference; fileEncoding = 4; lastKnownFileType = sourcecode.c.h; path = DistancePickerView.h; sourceTree = "<group>"; };
		DA80A61C17061B7F00151EE7 /* DistancePickerView.m */ = {isa = PBXFileReference; fileEncoding = 4; lastKnownFileType = sourcecode.c.objc; path = DistancePickerView.m; sourceTree = "<group>"; };
		DA80A61D17061B7F00151EE7 /* README.md */ = {isa = PBXFileReference; fileEncoding = 4; lastKnownFileType = text; path = README.md; sourceTree = "<group>"; };
		DA80A64B170627F800151EE7 /* ComObscureTiactionsheetpickerDatePickerSheetProxy.h */ = {isa = PBXFileReference; fileEncoding = 4; lastKnownFileType = sourcecode.c.h; name = ComObscureTiactionsheetpickerDatePickerSheetProxy.h; path = Classes/ComObscureTiactionsheetpickerDatePickerSheetProxy.h; sourceTree = "<group>"; };
		DA80A64C170627F800151EE7 /* ComObscureTiactionsheetpickerDatePickerSheetProxy.m */ = {isa = PBXFileReference; fileEncoding = 4; lastKnownFileType = sourcecode.c.objc; name = ComObscureTiactionsheetpickerDatePickerSheetProxy.m; path = Classes/ComObscureTiactionsheetpickerDatePickerSheetProxy.m; sourceTree = "<group>"; };
/* End PBXFileReference section */

/* Begin PBXFrameworksBuildPhase section */
		D2AAC07C0554694100DB518D /* Frameworks */ = {
			isa = PBXFrameworksBuildPhase;
			buildActionMask = 2147483647;
			files = (
				AACBBE4A0F95108600F1A2B1 /* Foundation.framework in Frameworks */,
			);
			runOnlyForDeploymentPostprocessing = 0;
		};
/* End PBXFrameworksBuildPhase section */

/* Begin PBXGroup section */
		034768DFFF38A50411DB9C8B /* Products */ = {
			isa = PBXGroup;
			children = (
				D2AAC07E0554694100DB518D /* libComObscureTiactionsheetpicker.a */,
			);
			name = Products;
			sourceTree = "<group>";
		};
		0867D691FE84028FC02AAC07 /* TiActionSheetPicker */ = {
			isa = PBXGroup;
			children = (
				08FB77AEFE84172EC02AAC07 /* Classes */,
				32C88DFF0371C24200C91783 /* Other Sources */,
				DA80A60C17061B7F00151EE7 /* vendor */,
				0867D69AFE84028FC02AAC07 /* Frameworks */,
				034768DFFF38A50411DB9C8B /* Products */,
			);
			name = TiActionSheetPicker;
			sourceTree = "<group>";
		};
		0867D69AFE84028FC02AAC07 /* Frameworks */ = {
			isa = PBXGroup;
			children = (
				AACBBE490F95108600F1A2B1 /* Foundation.framework */,
			);
			name = Frameworks;
			sourceTree = "<group>";
		};
		08FB77AEFE84172EC02AAC07 /* Classes */ = {
			isa = PBXGroup;
			children = (
				24DD6CF71134B3F500162E58 /* ComObscureTiactionsheetpickerModule.h */,
				24DD6CF81134B3F500162E58 /* ComObscureTiactionsheetpickerModule.m */,
				DA80A64B170627F800151EE7 /* ComObscureTiactionsheetpickerDatePickerSheetProxy.h */,
				DA80A64C170627F800151EE7 /* ComObscureTiactionsheetpickerDatePickerSheetProxy.m */,
				DA4876471706599300E21C0A /* ComObscureTiactionsheetpickerStringPickerSheetProxy.h */,
				DA4876481706599300E21C0A /* ComObscureTiactionsheetpickerStringPickerSheetProxy.m */,
			);
			name = Classes;
			sourceTree = "<group>";
		};
		32C88DFF0371C24200C91783 /* Other Sources */ = {
			isa = PBXGroup;
			children = (
				AA747D9E0F9514B9006C5449 /* ComObscureTiactionsheetpicker_Prefix.pch */,
				24DD6D1B1134B66800162E58 /* titanium.xcconfig */,
			);
			name = "Other Sources";
			sourceTree = "<group>";
		};
		DA80A60C17061B7F00151EE7 /* vendor */ = {
			isa = PBXGroup;
			children = (
				DA80A60D17061B7F00151EE7 /* ActionSheetPicker */,
			);
			path = vendor;
			sourceTree = "<group>";
		};
		DA80A60D17061B7F00151EE7 /* ActionSheetPicker */ = {
			isa = PBXGroup;
			children = (
				DA80A60F17061B7F00151EE7 /* ActionSheetPicker.h */,
				DA80A61017061B7F00151EE7 /* AUTHORS */,
				DA80A61117061B7F00151EE7 /* LICENSE */,
				DA80A61217061B7F00151EE7 /* Pickers */,
				DA80A61D17061B7F00151EE7 /* README.md */,
			);
			path = ActionSheetPicker;
			sourceTree = "<group>";
		};
		DA80A61217061B7F00151EE7 /* Pickers */ = {
			isa = PBXGroup;
			children = (
				DA80A61317061B7F00151EE7 /* AbstractActionSheetPicker.h */,
				DA80A61417061B7F00151EE7 /* AbstractActionSheetPicker.m */,
				DA80A61517061B7F00151EE7 /* ActionSheetDatePicker.h */,
				DA80A61617061B7F00151EE7 /* ActionSheetDatePicker.m */,
				DA80A61717061B7F00151EE7 /* ActionSheetDistancePicker.h */,
				DA80A61817061B7F00151EE7 /* ActionSheetDistancePicker.m */,
				DA80A61917061B7F00151EE7 /* ActionSheetStringPicker.h */,
				DA80A61A17061B7F00151EE7 /* ActionSheetStringPicker.m */,
				DA80A61B17061B7F00151EE7 /* DistancePickerView.h */,
				DA80A61C17061B7F00151EE7 /* DistancePickerView.m */,
			);
			path = Pickers;
			sourceTree = "<group>";
		};
/* End PBXGroup section */

/* Begin PBXHeadersBuildPhase section */
		D2AAC07A0554694100DB518D /* Headers */ = {
			isa = PBXHeadersBuildPhase;
			buildActionMask = 2147483647;
			files = (
				AA747D9F0F9514B9006C5449 /* ComObscureTiactionsheetpicker_Prefix.pch in Headers */,
				24DD6CF91134B3F500162E58 /* ComObscureTiactionsheetpickerModule.h in Headers */,
				DA80A63117061B7F00151EE7 /* ActionSheetPicker.h in Headers */,
				DA80A63217061B7F00151EE7 /* AbstractActionSheetPicker.h in Headers */,
				DA80A63417061B7F00151EE7 /* ActionSheetDatePicker.h in Headers */,
				DA80A63617061B7F00151EE7 /* ActionSheetDistancePicker.h in Headers */,
				DA80A63817061B7F00151EE7 /* ActionSheetStringPicker.h in Headers */,
				DA80A63A17061B7F00151EE7 /* DistancePickerView.h in Headers */,
				DA80A64D170627F800151EE7 /* ComObscureTiactionsheetpickerDatePickerSheetProxy.h in Headers */,
				DA4876491706599300E21C0A /* ComObscureTiactionsheetpickerStringPickerSheetProxy.h in Headers */,
			);
			runOnlyForDeploymentPostprocessing = 0;
		};
/* End PBXHeadersBuildPhase section */

/* Begin PBXNativeTarget section */
		D2AAC07D0554694100DB518D /* TiActionSheetPicker */ = {
			isa = PBXNativeTarget;
			buildConfigurationList = 1DEB921E08733DC00010E9CD /* Build configuration list for PBXNativeTarget "TiActionSheetPicker" */;
			buildPhases = (
				D2AAC07A0554694100DB518D /* Headers */,
				D2AAC07B0554694100DB518D /* Sources */,
				D2AAC07C0554694100DB518D /* Frameworks */,
			);
			buildRules = (
			);
			dependencies = (
			);
			name = TiActionSheetPicker;
			productName = TiActionSheetPicker;
			productReference = D2AAC07E0554694100DB518D /* libComObscureTiactionsheetpicker.a */;
			productType = "com.apple.product-type.library.static";
		};
/* End PBXNativeTarget section */

/* Begin PBXProject section */
		0867D690FE84028FC02AAC07 /* Project object */ = {
			isa = PBXProject;
			buildConfigurationList = 1DEB922208733DC00010E9CD /* Build configuration list for PBXProject "TiActionSheetPicker" */;
			compatibilityVersion = "Xcode 3.1";
			developmentRegion = English;
			hasScannedForEncodings = 1;
			knownRegions = (
				English,
				Japanese,
				French,
				German,
			);
			mainGroup = 0867D691FE84028FC02AAC07 /* TiActionSheetPicker */;
			productRefGroup = 034768DFFF38A50411DB9C8B /* Products */;
			projectDirPath = "";
			projectRoot = "";
			targets = (
				D2AAC07D0554694100DB518D /* TiActionSheetPicker */,
				24416B8111C4CA220047AFDD /* Build & Test */,
			);
		};
/* End PBXProject section */

/* Begin PBXShellScriptBuildPhase section */
		24416B8011C4CA220047AFDD /* ShellScript */ = {
			isa = PBXShellScriptBuildPhase;
			buildActionMask = 2147483647;
			files = (
			);
			inputPaths = (
			);
			outputPaths = (
			);
			runOnlyForDeploymentPostprocessing = 0;
			shellPath = /bin/sh;
			shellScript = "# shell script goes here\n\npython \"${TITANIUM_SDK}/titanium.py\" run --dir=\"${PROJECT_DIR}\"\nexit $?\n";
		};
/* End PBXShellScriptBuildPhase section */

/* Begin PBXSourcesBuildPhase section */
		D2AAC07B0554694100DB518D /* Sources */ = {
			isa = PBXSourcesBuildPhase;
			buildActionMask = 2147483647;
			files = (
				24DD6CFA1134B3F500162E58 /* ComObscureTiactionsheetpickerModule.m in Sources */,
				DA80A63317061B7F00151EE7 /* AbstractActionSheetPicker.m in Sources */,
				DA80A63517061B7F00151EE7 /* ActionSheetDatePicker.m in Sources */,
				DA80A63717061B7F00151EE7 /* ActionSheetDistancePicker.m in Sources */,
				DA80A63917061B7F00151EE7 /* ActionSheetStringPicker.m in Sources */,
				DA80A63B17061B7F00151EE7 /* DistancePickerView.m in Sources */,
				DA80A64E170627F800151EE7 /* ComObscureTiactionsheetpickerDatePickerSheetProxy.m in Sources */,
				DA48764A1706599300E21C0A /* ComObscureTiactionsheetpickerStringPickerSheetProxy.m in Sources */,
			);
			runOnlyForDeploymentPostprocessing = 0;
		};
/* End PBXSourcesBuildPhase section */

/* Begin PBXTargetDependency section */
		24416B8511C4CA280047AFDD /* PBXTargetDependency */ = {
			isa = PBXTargetDependency;
			target = D2AAC07D0554694100DB518D /* TiActionSheetPicker */;
			targetProxy = 24416B8411C4CA280047AFDD /* PBXContainerItemProxy */;
		};
/* End PBXTargetDependency section */

/* Begin XCBuildConfiguration section */
		1DEB921F08733DC00010E9CD /* Debug */ = {
			isa = XCBuildConfiguration;
			baseConfigurationReference = 24DD6D1B1134B66800162E58 /* titanium.xcconfig */;
			buildSettings = {
				ARCHS = (
					armv6,
					armv7,
				);
				"ARCHS[sdk=iphoneos*]" = (
					armv6,
					armv7,
				);
				"ARCHS[sdk=iphonesimulator*]" = i386;
				CODE_SIGN_IDENTITY = "iPhone Developer";
				"CODE_SIGN_IDENTITY[sdk=iphoneos*]" = "iPhone Developer";
				DSTROOT = /tmp/ComObscureTiactionsheetpicker.dst;
				GCC_C_LANGUAGE_STANDARD = c99;
				GCC_OPTIMIZATION_LEVEL = 0;
				GCC_PRECOMPILE_PREFIX_HEADER = YES;
				GCC_PREFIX_HEADER = ComObscureTiactionsheetpicker_Prefix.pch;
				GCC_PREPROCESSOR_DEFINITIONS = "TI_VERSION=$(TI_VERSION)";
				GCC_TREAT_WARNINGS_AS_ERRORS = NO;
				GCC_VERSION = "";
				GCC_WARN_ABOUT_RETURN_TYPE = NO;
				GCC_WARN_MISSING_PARENTHESES = NO;
				GCC_WARN_SHADOW = NO;
				GCC_WARN_STRICT_SELECTOR_MATCH = NO;
				GCC_WARN_UNUSED_FUNCTION = YES;
				GCC_WARN_UNUSED_PARAMETER = NO;
				GCC_WARN_UNUSED_VALUE = NO;
				GCC_WARN_UNUSED_VARIABLE = NO;
				INSTALL_PATH = /usr/local/lib;
				LIBRARY_SEARCH_PATHS = "";
				OTHER_CFLAGS = (
					"-DDEBUG",
					"-DTI_POST_1_2",
				);
				OTHER_LDFLAGS = "-ObjC";
				PRODUCT_NAME = ComObscureTiactionsheetpicker;
				PROVISIONING_PROFILE = "";
				"PROVISIONING_PROFILE[sdk=iphoneos*]" = "";
				RUN_CLANG_STATIC_ANALYZER = NO;
				SDKROOT = iphoneos;
				USER_HEADER_SEARCH_PATHS = "";
			};
			name = Debug;
		};
		1DEB922008733DC00010E9CD /* Release */ = {
			isa = XCBuildConfiguration;
			baseConfigurationReference = 24DD6D1B1134B66800162E58 /* titanium.xcconfig */;
			buildSettings = {
				ALWAYS_SEARCH_USER_PATHS = NO;
				ARCHS = (
					armv6,
					armv7,
				);
				"ARCHS[sdk=iphoneos*]" = (
					armv6,
					armv7,
				);
				"ARCHS[sdk=iphonesimulator*]" = i386;
				DSTROOT = /tmp/ComObscureTiactionsheetpicker.dst;
				GCC_C_LANGUAGE_STANDARD = c99;
				GCC_MODEL_TUNING = G5;
				GCC_PRECOMPILE_PREFIX_HEADER = YES;
				GCC_PREFIX_HEADER = ComObscureTiactionsheetpicker_Prefix.pch;
				GCC_PREPROCESSOR_DEFINITIONS = "TI_VERSION=$(TI_VERSION)";
				GCC_TREAT_WARNINGS_AS_ERRORS = NO;
				GCC_VERSION = "";
				GCC_WARN_ABOUT_RETURN_TYPE = NO;
				GCC_WARN_MISSING_PARENTHESES = NO;
				GCC_WARN_SHADOW = NO;
				GCC_WARN_STRICT_SELECTOR_MATCH = NO;
				GCC_WARN_UNUSED_FUNCTION = YES;
				GCC_WARN_UNUSED_PARAMETER = NO;
				GCC_WARN_UNUSED_VALUE = NO;
				GCC_WARN_UNUSED_VARIABLE = NO;
				INSTALL_PATH = /usr/local/lib;
				IPHONEOS_DEPLOYMENT_TARGET = 4.0;
				LIBRARY_SEARCH_PATHS = "";
				OTHER_CFLAGS = "-DTI_POST_1_2";
				OTHER_LDFLAGS = "-ObjC";
				PRODUCT_NAME = ComObscureTiactionsheetpicker;
				RUN_CLANG_STATIC_ANALYZER = NO;
				SDKROOT = iphoneos;
				USER_HEADER_SEARCH_PATHS = "";
			};
			name = Release;
		};
		1DEB922308733DC00010E9CD /* Debug */ = {
			isa = XCBuildConfiguration;
			baseConfigurationReference = 24DD6D1B1134B66800162E58 /* titanium.xcconfig */;
			buildSettings = {
				ARCHS = (
					armv6,
					armv7,
				);
				"ARCHS[sdk=iphoneos*]" = (
					armv6,
					armv7,
				);
				"ARCHS[sdk=iphonesimulator*]" = i386;
				CODE_SIGN_IDENTITY = "iPhone Developer";
				"CODE_SIGN_IDENTITY[sdk=iphoneos*]" = "iPhone Developer";
				DSTROOT = /tmp/ComObscureTiactionsheetpicker.dst;
				GCC_C_LANGUAGE_STANDARD = c99;
				GCC_OPTIMIZATION_LEVEL = 0;
				GCC_PRECOMPILE_PREFIX_HEADER = YES;
				GCC_PREFIX_HEADER = ComObscureTiactionsheetpicker_Prefix.pch;
				GCC_PREPROCESSOR_DEFINITIONS = "TI_VERSION=$(TI_VERSION)";
				GCC_TREAT_WARNINGS_AS_ERRORS = NO;
				GCC_VERSION = "";
				GCC_WARN_ABOUT_RETURN_TYPE = NO;
				GCC_WARN_MISSING_PARENTHESES = NO;
				GCC_WARN_SHADOW = NO;
				GCC_WARN_STRICT_SELECTOR_MATCH = NO;
				GCC_WARN_UNUSED_FUNCTION = YES;
				GCC_WARN_UNUSED_PARAMETER = NO;
				GCC_WARN_UNUSED_VALUE = NO;
				GCC_WARN_UNUSED_VARIABLE = NO;
				INSTALL_PATH = /usr/local/lib;
				OTHER_CFLAGS = (
					"-DDEBUG",
					"-DTI_POST_1_2",
				);
				OTHER_LDFLAGS = "-ObjC";
				PRODUCT_NAME = ComObscureTiactionsheetpicker;
				PROVISIONING_PROFILE = "";
				"PROVISIONING_PROFILE[sdk=iphoneos*]" = "";
				RUN_CLANG_STATIC_ANALYZER = NO;
				SDKROOT = iphoneos;
				USER_HEADER_SEARCH_PATHS = "";
			};
			name = Debug;
		};
		1DEB922408733DC00010E9CD /* Release */ = {
			isa = XCBuildConfiguration;
			baseConfigurationReference = 24DD6D1B1134B66800162E58 /* titanium.xcconfig */;
			buildSettings = {
				ALWAYS_SEARCH_USER_PATHS = NO;
				ARCHS = (
					armv6,
					armv7,
				);
				"ARCHS[sdk=iphoneos*]" = (
					armv6,
					armv7,
				);
				"ARCHS[sdk=iphonesimulator*]" = i386;
				DSTROOT = /tmp/ComObscureTiactionsheetpicker.dst;
				GCC_C_LANGUAGE_STANDARD = c99;
				GCC_MODEL_TUNING = G5;
				GCC_PRECOMPILE_PREFIX_HEADER = YES;
				GCC_PREFIX_HEADER = ComObscureTiactionsheetpicker_Prefix.pch;
				GCC_PREPROCESSOR_DEFINITIONS = "TI_VERSION=$(TI_VERSION)";
				GCC_TREAT_WARNINGS_AS_ERRORS = NO;
				GCC_VERSION = "";
				GCC_WARN_ABOUT_RETURN_TYPE = NO;
				GCC_WARN_MISSING_PARENTHESES = NO;
				GCC_WARN_SHADOW = NO;
				GCC_WARN_STRICT_SELECTOR_MATCH = NO;
				GCC_WARN_UNUSED_FUNCTION = YES;
				GCC_WARN_UNUSED_PARAMETER = NO;
				GCC_WARN_UNUSED_VALUE = NO;
				GCC_WARN_UNUSED_VARIABLE = NO;
				INSTALL_PATH = /usr/local/lib;
				IPHONEOS_DEPLOYMENT_TARGET = 4.0;
				OTHER_CFLAGS = "-DTI_POST_1_2";
				OTHER_LDFLAGS = "-ObjC";
				PRODUCT_NAME = ComObscureTiactionsheetpicker;
				RUN_CLANG_STATIC_ANALYZER = NO;
				SDKROOT = iphoneos;
				USER_HEADER_SEARCH_PATHS = "";
			};
			name = Release;
		};
		24416B8211C4CA220047AFDD /* Debug */ = {
			isa = XCBuildConfiguration;
			baseConfigurationReference = 24DD6D1B1134B66800162E58 /* titanium.xcconfig */;
			buildSettings = {
				COPY_PHASE_STRIP = NO;
				GCC_DYNAMIC_NO_PIC = NO;
				GCC_OPTIMIZATION_LEVEL = 0;
				PRODUCT_NAME = "Build & test";
			};
			name = Debug;
		};
		24416B8311C4CA220047AFDD /* Release */ = {
			isa = XCBuildConfiguration;
			baseConfigurationReference = 24DD6D1B1134B66800162E58 /* titanium.xcconfig */;
			buildSettings = {
				COPY_PHASE_STRIP = YES;
				DEBUG_INFORMATION_FORMAT = "dwarf-with-dsym";
				GCC_ENABLE_FIX_AND_CONTINUE = NO;
				PRODUCT_NAME = "Build & test";
				ZERO_LINK = NO;
			};
			name = Release;
		};
/* End XCBuildConfiguration section */

/* Begin XCConfigurationList section */
		1DEB921E08733DC00010E9CD /* Build configuration list for PBXNativeTarget "TiActionSheetPicker" */ = {
			isa = XCConfigurationList;
			buildConfigurations = (
				1DEB921F08733DC00010E9CD /* Debug */,
				1DEB922008733DC00010E9CD /* Release */,
			);
			defaultConfigurationIsVisible = 0;
			defaultConfigurationName = Release;
		};
		1DEB922208733DC00010E9CD /* Build configuration list for PBXProject "TiActionSheetPicker" */ = {
			isa = XCConfigurationList;
			buildConfigurations = (
				1DEB922308733DC00010E9CD /* Debug */,
				1DEB922408733DC00010E9CD /* Release */,
			);
			defaultConfigurationIsVisible = 0;
			defaultConfigurationName = Release;
		};
		24416B8A11C4CA520047AFDD /* Build configuration list for PBXAggregateTarget "Build & Test" */ = {
			isa = XCConfigurationList;
			buildConfigurations = (
				24416B8211C4CA220047AFDD /* Debug */,
				24416B8311C4CA220047AFDD /* Release */,
			);
			defaultConfigurationIsVisible = 0;
			defaultConfigurationName = Release;
		};
/* End XCConfigurationList section */
	};
	rootObject = 0867D690FE84028FC02AAC07 /* Project object */;
}
